
Microsoft Visual Studio Solution File, Format Version 12.00
# Visual Studio Version 17
VisualStudioVersion = 17.4.33122.133
MinimumVisualStudioVersion = 10.0.40219.1
Project("{8BC9CEB8-8B4A-11D0-8D11-00A0C91BC942}") = "trabalho_base", "trabalho_base\trabalho_base.vcxproj", "{956989AE-2FF9-4004-A333-9439BD5A4F13}"
EndProject
Global
	GlobalSection(SolutionConfigurationPlatforms) = preSolution
		Debug|x64 = Debug|x64
		Debug|x86 = Debug|x86
		Release|x64 = Release|x64
		Release|x86 = Release|x86
	EndGlobalSection
	GlobalSection(ProjectConfigurationPlatforms) = postSolution
		{956989AE-2FF9-4004-A333-9439BD5A4F13}.Debug|x64.ActiveCfg = Debug|x64
		{956989AE-2FF9-4004-A333-9439BD5A4F13}.Debug|x64.Build.0 = Debug|x64
		{956989AE-2FF9-4004-A333-9439BD5A4F13}.Debug|x86.ActiveCfg = Debug|Win32
		{956989AE-2FF9-4004-A333-9439BD5A4F13}.Debug|x86.Build.0 = Debug|Win32
		{956989AE-2FF9-4004-A333-9439BD5A4F13}.Release|x64.ActiveCfg = Release|x64
		{956989AE-2FF9-4004-A333-9439BD5A4F13}.Release|x64.Build.0 = Release|x64
		{956989AE-2FF9-4004-A333-9439BD5A4F13}.Release|x86.ActiveCfg = Release|Win32
		{956989AE-2FF9-4004-A333-9439BD5A4F13}.Release|x86.Build.0 = Release|Win32
	EndGlobalSection
	GlobalSection(SolutionProperties) = preSolution
		HideSolutionNode = FALSE
	EndGlobalSection
	GlobalSection(ExtensibilityGlobals) = postSolution
		SolutionGuid = {5E26A3B6-DDEE-4F50-BCDB-638D2EDF33C6}
	EndGlobalSection
EndGlobal
